PODS:
  - TBTUIKit (0.1.6):
    - TBTUIKit/BaseClass (= 0.1.6)
    - TBTUIKit/Category (= 0.1.6)
    - TBTUIKit/MacroHeader (= 0.1.6)
    - TBTUIKit/UITool (= 0.1.6)
    - TBTUIKit/Widget (= 0.1.6)
  - TBTUIKit/BaseClass (0.1.6):
    - TBTUIKit/Category
    - TBTUIKit/MacroHeader
    - TBTUIKit/UITool
  - TBTUIKit/Category (0.1.6):
    - TBTUIKit/MacroHeader
  - TBTUIKit/MacroHeader (0.1.6)
  - TBTUIKit/UITool (0.1.6)
  - TBTUIKit/Widget (0.1.6):
    - TBTUIKit/BaseClass
    - TBTUIKit/Category
    - TBTUIKit/MacroHeader

DEPENDENCIES:
  - TBTUIKit (from `../`)

EXTERNAL SOURCES:
  TBTUIKit:
    :path: "../"

SPEC CHECKSUMS:
  TBTUIKit: 4f679dfd15888e2683e6645c3b0b1d575e45a79f

PODFILE CHECKSUM: b60066ea610073f49041d5a6ff61a00d6bf37f5c

COCOAPODS: 1.11.3
