PODS:
  - TBTTabBarController (0.1.0)
  - TBTUIKit (0.2.1):
    - TBTTabBarController
    - TBTUIKit/BaseClass (= 0.2.1)
    - TBTUIKit/Category (= 0.2.1)
    - TBTUIKit/MacroHeader (= 0.2.1)
    - TBTUIKit/UITool (= 0.2.1)
    - TBTUIKit/Widget (= 0.2.1)
  - TBTUIKit/BaseClass (0.2.1):
    - TBTTabBarController
    - TBTUIKit/Category
    - TBTUIKit/MacroHeader
    - TBTUIKit/UITool
  - TBTUIKit/Category (0.2.1):
    - TBTTabBarController
    - TBTUIKit/MacroHeader
  - TBTUIKit/MacroHeader (0.2.1):
    - TBTTabBarController
  - TBTUIKit/UITool (0.2.1):
    - TBTTabBarController
  - TBTUIKit/Widget (0.2.1):
    - TBTTabBarController
    - TBTUIKit/BaseClass
    - TBTUIKit/Category
    - TBTUIKit/MacroHeader

DEPENDENCIES:
  - TBTUIKit (from `../`)

SPEC REPOS:
  https://github.com/CocoaPods/Specs.git:
    - TBTTabBarController

EXTERNAL SOURCES:
  TBTUIKit:
    :path: "../"

SPEC CHECKSUMS:
  TBTTabBarController: c91ed2435d68ebff3378e7feda0d4f1ef3dbc43a
  TBTUIKit: 3ac9337dbc0cad8c7a71d8225faa7f718c1a7e3f

PODFILE CHECKSUM: b60066ea610073f49041d5a6ff61a00d6bf37f5c

COCOAPODS: 1.11.3
