PODS:
  - TBTUIKit (0.1.3):
    - TBTUIKit/BaseClass (= 0.1.3)
    - TBTUIKit/Category (= 0.1.3)
    - TBTUIKit/UITool (= 0.1.3)
  - TBTUIKit/BaseClass (0.1.3)
  - TBTUIKit/Category (0.1.3)
  - TBTUIKit/UITool (0.1.3)

DEPENDENCIES:
  - TBTUIKit (from `../`)

EXTERNAL SOURCES:
  TBTUIKit:
    :path: "../"

SPEC CHECKSUMS:
  TBTUIKit: d7ae2dd2e1384f97e7d704a7b4d4a4b15a0f7652

PODFILE CHECKSUM: ea91bc9527fb4f79eb07d68e9f073e1d4e6d85c1

COCOAPODS: 1.11.3
